
Microsoft Visual Studio Solution File, Format Version 12.00
# Visual Studio Version 16
VisualStudioVersion = 16.0.30011.22
MinimumVisualStudioVersion = 10.0.40219.1
Project("{9A19103F-16F7-4668-BE54-9A1E7A4F7556}") = "ChannelBot.Authorization", "ChannelBot.Authorization\ChannelBot.Authorization.csproj", "{0D11DD63-68AE-4130-8387-7E7088F4F3DE}"
EndProject
Project("{9A19103F-16F7-4668-BE54-9A1E7A4F7556}") = "ChannelBot.DAL", "ChannelBot.DAL\ChannelBot.DAL.csproj", "{3F172B48-E737-4630-8CB4-72F2CBC071AA}"
EndProject
Project("{9A19103F-16F7-4668-BE54-9A1E7A4F7556}") = "ChannelBot.BLL", "ChannelBot.BLL\ChannelBot.BLL.csproj", "{B46DBC43-249C-44DD-99C0-21FD2370B1E2}"
	ProjectSection(ProjectDependencies) = postProject
		{2D60321C-D955-4BE1-9EFF-17DE7C704ECE} = {2D60321C-D955-4BE1-9EFF-17DE7C704ECE}
	EndProjectSection
EndProject
Project("{FAE04EC0-301F-11D3-BF4B-00C04F79EFBC}") = "ChannelBot.Utilities", "ChannelBot.Utilities\ChannelBot.Utilities.csproj", "{2D60321C-D955-4BE1-9EFF-17DE7C704ECE}"
EndProject
Global
	GlobalSection(SolutionConfigurationPlatforms) = preSolution
		Debug|Any CPU = Debug|Any CPU
		Release|Any CPU = Release|Any CPU
	EndGlobalSection
	GlobalSection(ProjectConfigurationPlatforms) = postSolution
		{0D11DD63-68AE-4130-8387-7E7088F4F3DE}.Debug|Any CPU.ActiveCfg = Debug|Any CPU
		{0D11DD63-68AE-4130-8387-7E7088F4F3DE}.Debug|Any CPU.Build.0 = Debug|Any CPU
		{0D11DD63-68AE-4130-8387-7E7088F4F3DE}.Release|Any CPU.ActiveCfg = Release|Any CPU
		{0D11DD63-68AE-4130-8387-7E7088F4F3DE}.Release|Any CPU.Build.0 = Release|Any CPU
		{3F172B48-E737-4630-8CB4-72F2CBC071AA}.Debug|Any CPU.ActiveCfg = Debug|Any CPU
		{3F172B48-E737-4630-8CB4-72F2CBC071AA}.Debug|Any CPU.Build.0 = Debug|Any CPU
		{3F172B48-E737-4630-8CB4-72F2CBC071AA}.Release|Any CPU.ActiveCfg = Release|Any CPU
		{3F172B48-E737-4630-8CB4-72F2CBC071AA}.Release|Any CPU.Build.0 = Release|Any CPU
		{B46DBC43-249C-44DD-99C0-21FD2370B1E2}.Debug|Any CPU.ActiveCfg = Debug|Any CPU
		{B46DBC43-249C-44DD-99C0-21FD2370B1E2}.Debug|Any CPU.Build.0 = Debug|Any CPU
		{B46DBC43-249C-44DD-99C0-21FD2370B1E2}.Release|Any CPU.ActiveCfg = Release|Any CPU
		{B46DBC43-249C-44DD-99C0-21FD2370B1E2}.Release|Any CPU.Build.0 = Release|Any CPU
		{2D60321C-D955-4BE1-9EFF-17DE7C704ECE}.Debug|Any CPU.ActiveCfg = Debug|Any CPU
		{2D60321C-D955-4BE1-9EFF-17DE7C704ECE}.Debug|Any CPU.Build.0 = Debug|Any CPU
		{2D60321C-D955-4BE1-9EFF-17DE7C704ECE}.Release|Any CPU.ActiveCfg = Release|Any CPU
		{2D60321C-D955-4BE1-9EFF-17DE7C704ECE}.Release|Any CPU.Build.0 = Release|Any CPU
	EndGlobalSection
	GlobalSection(SolutionProperties) = preSolution
		HideSolutionNode = FALSE
	EndGlobalSection
	GlobalSection(ExtensibilityGlobals) = postSolution
		SolutionGuid = {8B497108-8DD4-4715-96B1-E90BA80EFEA2}
	EndGlobalSection
EndGlobal
